// !$*UTF8*$!
{
	archiveVersion = 1;
	classes = {
	};
	objectVersion = 46;
	objects = {

/* Begin PBXBuildFile section */
		0A6DF3E11A8CB013003C4F86 /* AppDelegate.swift in Sources */ = {isa = PBXBuildFile; fileRef = 0A6DF3E01A8CB013003C4F86 /* AppDelegate.swift */; };
		0A6DF3E31A8CB013003C4F86 /* ViewController.swift in Sources */ = {isa = PBXBuildFile; fileRef = 0A6DF3E21A8CB013003C4F86 /* ViewController.swift */; };
		0A6DF3E61A8CB013003C4F86 /* Main.storyboard in Resources */ = {isa = PBXBuildFile; fileRef = 0A6DF3E41A8CB013003C4F86 /* Main.storyboard */; };
		0A6DF3E81A8CB013003C4F86 /* Images.xcassets in Resources */ = {isa = PBXBuildFile; fileRef = 0A6DF3E71A8CB013003C4F86 /* Images.xcassets */; };
		0A6DF3EB1A8CB013003C4F86 /* LaunchScreen.xib in Resources */ = {isa = PBXBuildFile; fileRef = 0A6DF3E91A8CB013003C4F86 /* LaunchScreen.xib */; };
		0A6DF3F71A8CB013003C4F86 /* CalculatorTests.swift in Sources */ = {isa = PBXBuildFile; fileRef = 0A6DF3F61A8CB013003C4F86 /* CalculatorTests.swift */; };
/* End PBXBuildFile section */

/* Begin PBXContainerItemProxy section */
		0A6DF3F11A8CB013003C4F86 /* PBXContainerItemProxy */ = {
			isa = PBXContainerItemProxy;
			containerPortal = 0A6DF3D31A8CB012003C4F86 /* Project object */;
			proxyType = 1;
			remoteGlobalIDString = 0A6DF3DA1A8CB012003C4F86;
			remoteInfo = Calculator;
		};
/* End PBXContainerItemProxy section */

/* Begin PBXFileReference section */
		0A6DF3DB1A8CB013003C4F86 /* Calculator.app */ = {isa = PBXFileReference; explicitFileType = wrapper.application; includeInIndex = 0; path = Calculator.app; sourceTree = BUILT_PRODUCTS_DIR; };
		0A6DF3DF1A8CB013003C4F86 /* Info.plist */ = {isa = PBXFileReference; lastKnownFileType = text.plist.xml; path = Info.plist; sourceTree = "<group>"; };
		0A6DF3E01A8CB013003C4F86 /* AppDelegate.swift */ = {isa = PBXFileReference; lastKnownFileType = sourcecode.swift; path = AppDelegate.swift; sourceTree = "<group>"; };
		0A6DF3E21A8CB013003C4F86 /* ViewController.swift */ = {isa = PBXFileReference; lastKnownFileType = sourcecode.swift; path = ViewController.swift; sourceTree = "<group>"; };
		0A6DF3E51A8CB013003C4F86 /* Base */ = {isa = PBXFileReference; lastKnownFileType = file.storyboard; name = Base; path = Base.lproj/Main.storyboard; sourceTree = "<group>"; };
		0A6DF3E71A8CB013003C4F86 /* Images.xcassets */ = {isa = PBXFileReference; lastKnownFileType = folder.assetcatalog; path = Images.xcassets; sourceTree = "<group>"; };
		0A6DF3EA1A8CB013003C4F86 /* Base */ = {isa = PBXFileReference; lastKnownFileType = file.xib; name = Base; path = Base.lproj/LaunchScreen.xib; sourceTree = "<group>"; };
		0A6DF3F01A8CB013003C4F86 /* CalculatorTests.xctest */ = {isa = PBXFileReference; explicitFileType = wrapper.cfbundle; includeInIndex = 0; path = CalculatorTests.xctest; sourceTree = BUILT_PRODUCTS_DIR; };
		0A6DF3F51A8CB013003C4F86 /* Info.plist */ = {isa = PBXFileReference; lastKnownFileType = text.plist.xml; path = Info.plist; sourceTree = "<group>"; };
		0A6DF3F61A8CB013003C4F86 /* CalculatorTests.swift */ = {isa = PBXFileReference; lastKnownFileType = sourcecode.swift; path = CalculatorTests.swift; sourceTree = "<group>"; };
/* End PBXFileReference section */

/* Begin PBXFrameworksBuildPhase section */
		0A6DF3D81A8CB012003C4F86 /* Frameworks */ = {
			isa = PBXFrameworksBuildPhase;
			buildActionMask = 2147483647;
			files = (
			);
			runOnlyForDeploymentPostprocessing = 0;
		};
		0A6DF3ED1A8CB013003C4F86 /* Frameworks */ = {
			isa = PBXFrameworksBuildPhase;
			buildActionMask = 2147483647;
			files = (
			);
			runOnlyForDeploymentPostprocessing = 0;
		};
/* End PBXFrameworksBuildPhase section */

/* Begin PBXGroup section */
		0A6DF3D21A8CB012003C4F86 = {
			isa = PBXGroup;
			children = (
				0A6DF3DD1A8CB013003C4F86 /* Calculator */,
				0A6DF3F31A8CB013003C4F86 /* CalculatorTests */,
				0A6DF3DC1A8CB013003C4F86 /* Products */,
			);
			sourceTree = "<group>";
		};
		0A6DF3DC1A8CB013003C4F86 /* Products */ = {
			isa = PBXGroup;
			children = (
				0A6DF3DB1A8CB013003C4F86 /* Calculator.app */,
				0A6DF3F01A8CB013003C4F86 /* CalculatorTests.xctest */,
			);
			name = Products;
			sourceTree = "<group>";
		};
		0A6DF3DD1A8CB013003C4F86 /* Calculator */ = {
			isa = PBXGroup;
			children = (
				0A6DF3E01A8CB013003C4F86 /* AppDelegate.swift */,
				0A6DF3E21A8CB013003C4F86 /* ViewController.swift */,
				0A6DF3E41A8CB013003C4F86 /* Main.storyboard */,
				0A6DF3E71A8CB013003C4F86 /* Images.xcassets */,
				0A6DF3E91A8CB013003C4F86 /* LaunchScreen.xib */,
				0A6DF3DE1A8CB013003C4F86 /* Supporting Files */,
			);
			path = Calculator;
			sourceTree = "<group>";
		};
		0A6DF3DE1A8CB013003C4F86 /* Supporting Files */ = {
			isa = PBXGroup;
			children = (
				0A6DF3DF1A8CB013003C4F86 /* Info.plist */,
			);
			name = "Supporting Files";
			sourceTree = "<group>";
		};
		0A6DF3F31A8CB013003C4F86 /* CalculatorTests */ = {
			isa = PBXGroup;
			children = (
				0A6DF3F61A8CB013003C4F86 /* CalculatorTests.swift */,
				0A6DF3F41A8CB013003C4F86 /* Supporting Files */,
			);
			path = CalculatorTests;
			sourceTree = "<group>";
		};
		0A6DF3F41A8CB013003C4F86 /* Supporting Files */ = {
			isa = PBXGroup;
			children = (
				0A6DF3F51A8CB013003C4F86 /* Info.plist */,
			);
			name = "Supporting Files";
			sourceTree = "<group>";
		};
/* End PBXGroup section */

/* Begin PBXNativeTarget section */
		0A6DF3DA1A8CB012003C4F86 /* Calculator */ = {
			isa = PBXNativeTarget;
			buildConfigurationList = 0A6DF3FA1A8CB013003C4F86 /* Build configuration list for PBXNativeTarget "Calculator" */;
			buildPhases = (
				0A6DF3D71A8CB012003C4F86 /* Sources */,
				0A6DF3D81A8CB012003C4F86 /* Frameworks */,
				0A6DF3D91A8CB012003C4F86 /* Resources */,
			);
			buildRules = (
			);
			dependencies = (
			);
			name = Calculator;
			productName = Calculator;
			productReference = 0A6DF3DB1A8CB013003C4F86 /* Calculator.app */;
			productType = "com.apple.product-type.application";
		};
		0A6DF3EF1A8CB013003C4F86 /* CalculatorTests */ = {
			isa = PBXNativeTarget;
			buildConfigurationList = 0A6DF3FD1A8CB013003C4F86 /* Build configuration list for PBXNativeTarget "CalculatorTests" */;
			buildPhases = (
				0A6DF3EC1A8CB013003C4F86 /* Sources */,
				0A6DF3ED1A8CB013003C4F86 /* Frameworks */,
				0A6DF3EE1A8CB013003C4F86 /* Resources */,
			);
			buildRules = (
			);
			dependencies = (
				0A6DF3F21A8CB013003C4F86 /* PBXTargetDependency */,
			);
			name = CalculatorTests;
			productName = CalculatorTests;
			productReference = 0A6DF3F01A8CB013003C4F86 /* CalculatorTests.xctest */;
			productType = "com.apple.product-type.bundle.unit-test";
		};
/* End PBXNativeTarget section */

/* Begin PBXProject section */
		0A6DF3D31A8CB012003C4F86 /* Project object */ = {
			isa = PBXProject;
			attributes = {
				LastUpgradeCheck = 0610;
				ORGANIZATIONNAME = SwiftWala;
				TargetAttributes = {
					0A6DF3DA1A8CB012003C4F86 = {
						CreatedOnToolsVersion = 6.1.1;
					};
					0A6DF3EF1A8CB013003C4F86 = {
						CreatedOnToolsVersion = 6.1.1;
						TestTargetID = 0A6DF3DA1A8CB012003C4F86;
					};
				};
			};
			buildConfigurationList = 0A6DF3D61A8CB012003C4F86 /* Build configuration list for PBXProject "Calculator" */;
			compatibilityVersion = "Xcode 3.2";
			developmentRegion = English;
			hasScannedForEncodings = 0;
			knownRegions = (
				en,
				Base,
			);
			mainGroup = 0A6DF3D21A8CB012003C4F86;
			productRefGroup = 0A6DF3DC1A8CB013003C4F86 /* Products */;
			projectDirPath = "";
			projectRoot = "";
			targets = (
				0A6DF3DA1A8CB012003C4F86 /* Calculator */,
				0A6DF3EF1A8CB013003C4F86 /* CalculatorTests */,
			);
		};
/* End PBXProject section */

/* Begin PBXResourcesBuildPhase section */
		0A6DF3D91A8CB012003C4F86 /* Resources */ = {
			isa = PBXResourcesBuildPhase;
			buildActionMask = 2147483647;
			files = (
				0A6DF3E61A8CB013003C4F86 /* Main.storyboard in Resources */,
				0A6DF3EB1A8CB013003C4F86 /* LaunchScreen.xib in Resources */,
				0A6DF3E81A8CB013003C4F86 /* Images.xcassets in Resources */,
			);
			runOnlyForDeploymentPostprocessing = 0;
		};
		0A6DF3EE1A8CB013003C4F86 /* Resources */ = {
			isa = PBXResourcesBuildPhase;
			buildActionMask = 2147483647;
			files = (
			);
			runOnlyForDeploymentPostprocessing = 0;
		};
/* End PBXResourcesBuildPhase section */

/* Begin PBXSourcesBuildPhase section */
		0A6DF3D71A8CB012003C4F86 /* Sources */ = {
			isa = PBXSourcesBuildPhase;
			buildActionMask = 2147483647;
			files = (
				0A6DF3E31A8CB013003C4F86 /* ViewController.swift in Sources */,
				0A6DF3E11A8CB013003C4F86 /* AppDelegate.swift in Sources */,
			);
			runOnlyForDeploymentPostprocessing = 0;
		};
		0A6DF3EC1A8CB013003C4F86 /* Sources */ = {
			isa = PBXSourcesBuildPhase;
			buildActionMask = 2147483647;
			files = (
				0A6DF3F71A8CB013003C4F86 /* CalculatorTests.swift in Sources */,
			);
			runOnlyForDeploymentPostprocessing = 0;
		};
/* End PBXSourcesBuildPhase section */

/* Begin PBXTargetDependency section */
		0A6DF3F21A8CB013003C4F86 /* PBXTargetDependency */ = {
			isa = PBXTargetDependency;
			target = 0A6DF3DA1A8CB012003C4F86 /* Calculator */;
			targetProxy = 0A6DF3F11A8CB013003C4F86 /* PBXContainerItemProxy */;
		};
/* End PBXTargetDependency section */

/* Begin PBXVariantGroup section */
		0A6DF3E41A8CB013003C4F86 /* Main.storyboard */ = {
			isa = PBXVariantGroup;
			children = (
				0A6DF3E51A8CB013003C4F86 /* Base */,
			);
			name = Main.storyboard;
			sourceTree = "<group>";
		};
		0A6DF3E91A8CB013003C4F86 /* LaunchScreen.xib */ = {
			isa = PBXVariantGroup;
			children = (
				0A6DF3EA1A8CB013003C4F86 /* Base */,
			);
			name = LaunchScreen.xib;
			sourceTree = "<group>";
		};
/* End PBXVariantGroup section */

/* Begin XCBuildConfiguration section */
		0A6DF3F81A8CB013003C4F86 /* Debug */ = {
			isa = XCBuildConfiguration;
			buildSettings = {
				ALWAYS_SEARCH_USER_PATHS = NO;
				CLANG_CXX_LANGUAGE_STANDARD = "gnu++0x";
				CLANG_CXX_LIBRARY = "libc++";
				CLANG_ENABLE_MODULES = YES;
				CLANG_ENABLE_OBJC_ARC = YES;
				CLANG_WARN_BOOL_CONVERSION = YES;
				CLANG_WARN_CONSTANT_CONVERSION = YES;
				CLANG_WARN_DIRECT_OBJC_ISA_USAGE = YES_ERROR;
				CLANG_WARN_EMPTY_BODY = YES;
				CLANG_WARN_ENUM_CONVERSION = YES;
				CLANG_WARN_INT_CONVERSION = YES;
				CLANG_WARN_OBJC_ROOT_CLASS = YES_ERROR;
				CLANG_WARN_UNREACHABLE_CODE = YES;
				CLANG_WARN__DUPLICATE_METHOD_MATCH = YES;
				"CODE_SIGN_IDENTITY[sdk=iphoneos*]" = "iPhone Developer";
				COPY_PHASE_STRIP = NO;
				ENABLE_STRICT_OBJC_MSGSEND = YES;
				GCC_C_LANGUAGE_STANDARD = gnu99;
				GCC_DYNAMIC_NO_PIC = NO;
				GCC_OPTIMIZATION_LEVEL = 0;
				GCC_PREPROCESSOR_DEFINITIONS = (
					"DEBUG=1",
					"$(inherited)",
				);
				GCC_SYMBOLS_PRIVATE_EXTERN = NO;
				GCC_WARN_64_TO_32_BIT_CONVERSION = YES;
				GCC_WARN_ABOUT_RETURN_TYPE = YES_ERROR;
				GCC_WARN_UNDECLARED_SELECTOR = YES;
				GCC_WARN_UNINITIALIZED_AUTOS = YES_AGGRESSIVE;
				GCC_WARN_UNUSED_FUNCTION = YES;
				GCC_WARN_UNUSED_VARIABLE = YES;
				IPHONEOS_DEPLOYMENT_TARGET = 8.1;
				MTL_ENABLE_DEBUG_INFO = YES;
				ONLY_ACTIVE_ARCH = YES;
				SDKROOT = iphoneos;
				SWIFT_OPTIMIZATION_LEVEL = "-Onone";
				TARGETED_DEVICE_FAMILY = "1,2";
			};
			name = Debug;
		};
		0A6DF3F91A8CB013003C4F86 /* Release */ = {
			isa = XCBuildConfiguration;
			buildSettings = {
				ALWAYS_SEARCH_USER_PATHS = NO;
				CLANG_CXX_LANGUAGE_STANDARD = "gnu++0x";
				CLANG_CXX_LIBRARY = "libc++";
				CLANG_ENABLE_MODULES = YES;
				CLANG_ENABLE_OBJC_ARC = YES;
				CLANG_WARN_BOOL_CONVERSION = YES;
				CLANG_WARN_CONSTANT_CONVERSION = YES;
				CLANG_WARN_DIRECT_OBJC_ISA_USAGE = YES_ERROR;
				CLANG_WARN_EMPTY_BODY = YES;
				CLANG_WARN_ENUM_CONVERSION = YES;
				CLANG_WARN_INT_CONVERSION = YES;
				CLANG_WARN_OBJC_ROOT_CLASS = YES_ERROR;
				CLANG_WARN_UNREACHABLE_CODE = YES;
				CLANG_WARN__DUPLICATE_METHOD_MATCH = YES;
				"CODE_SIGN_IDENTITY[sdk=iphoneos*]" = "iPhone Developer";
				COPY_PHASE_STRIP = YES;
				ENABLE_NS_ASSERTIONS = NO;
				ENABLE_STRICT_OBJC_MSGSEND = YES;
				GCC_C_LANGUAGE_STANDARD = gnu99;
				GCC_WARN_64_TO_32_BIT_CONVERSION = YES;
				GCC_WARN_ABOUT_RETURN_TYPE = YES_ERROR;
				GCC_WARN_UNDECLARED_SELECTOR = YES;
				GCC_WARN_UNINITIALIZED_AUTOS = YES_AGGRESSIVE;
				GCC_WARN_UNUSED_FUNCTION = YES;
				GCC_WARN_UNUSED_VARIABLE = YES;
				IPHONEOS_DEPLOYMENT_TARGET = 8.1;
				MTL_ENABLE_DEBUG_INFO = NO;
				SDKROOT = iphoneos;
				TARGETED_DEVICE_FAMILY = "1,2";
				VALIDATE_PRODUCT = YES;
			};
			name = Release;
		};
		0A6DF3FB1A8CB013003C4F86 /* Debug */ = {
			isa = XCBuildConfiguration;
			buildSettings = {
				ASSETCATALOG_COMPILER_APPICON_NAME = AppIcon;
				INFOPLIST_FILE = Calculator/Info.plist;
				LD_RUNPATH_SEARCH_PATHS = "$(inherited) @executable_path/Frameworks";
				PRODUCT_NAME = "$(TARGET_NAME)";
			};
			name = Debug;
		};
		0A6DF3FC1A8CB013003C4F86 /* Release */ = {
			isa = XCBuildConfiguration;
			buildSettings = {
				ASSETCATALOG_COMPILER_APPICON_NAME = AppIcon;
				INFOPLIST_FILE = Calculator/Info.plist;
				LD_RUNPATH_SEARCH_PATHS = "$(inherited) @executable_path/Frameworks";
				PRODUCT_NAME = "$(TARGET_NAME)";
			};
			name = Release;
		};
		0A6DF3FE1A8CB013003C4F86 /* Debug */ = {
			isa = XCBuildConfiguration;
			buildSettings = {
				BUNDLE_LOADER = "$(TEST_HOST)";
				FRAMEWORK_SEARCH_PATHS = (
					"$(SDKROOT)/Developer/Library/Frameworks",
					"$(inherited)",
				);
				GCC_PREPROCESSOR_DEFINITIONS = (
					"DEBUG=1",
					"$(inherited)",
				);
				INFOPLIST_FILE = CalculatorTests/Info.plist;
				LD_RUNPATH_SEARCH_PATHS = "$(inherited) @executable_path/Frameworks @loader_path/Frameworks";
				PRODUCT_NAME = "$(TARGET_NAME)";
				TEST_HOST = "$(BUILT_PRODUCTS_DIR)/Calculator.app/Calculator";
			};
			name = Debug;
		};
		0A6DF3FF1A8CB013003C4F86 /* Release */ = {
			isa = XCBuildConfiguration;
			buildSettings = {
				BUNDLE_LOADER = "$(TEST_HOST)";
				FRAMEWORK_SEARCH_PATHS = (
					"$(SDKROOT)/Developer/Library/Frameworks",
					"$(inherited)",
				);
				INFOPLIST_FILE = CalculatorTests/Info.plist;
				LD_RUNPATH_SEARCH_PATHS = "$(inherited) @executable_path/Frameworks @loader_path/Frameworks";
				PRODUCT_NAME = "$(TARGET_NAME)";
				TEST_HOST = "$(BUILT_PRODUCTS_DIR)/Calculator.app/Calculator";
			};
			name = Release;
		};
/* End XCBuildConfiguration section */

/* Begin XCConfigurationList section */
		0A6DF3D61A8CB012003C4F86 /* Build configuration list for PBXProject "Calculator" */ = {
			isa = XCConfigurationList;
			buildConfigurations = (
				0A6DF3F81A8CB013003C4F86 /* Debug */,
				0A6DF3F91A8CB013003C4F86 /* Release */,
			);
			defaultConfigurationIsVisible = 0;
			defaultConfigurationName = Release;
		};
		0A6DF3FA1A8CB013003C4F86 /* Build configuration list for PBXNativeTarget "Calculator" */ = {
			isa = XCConfigurationList;
			buildConfigurations = (
				0A6DF3FB1A8CB013003C4F86 /* Debug */,
				0A6DF3FC1A8CB013003C4F86 /* Release */,
			);
			defaultConfigurationIsVisible = 0;
		};
		0A6DF3FD1A8CB013003C4F86 /* Build configuration list for PBXNativeTarget "CalculatorTests" */ = {
			isa = XCConfigurationList;
			buildConfigurations = (
				0A6DF3FE1A8CB013003C4F86 /* Debug */,
				0A6DF3FF1A8CB013003C4F86 /* Release */,
			);
			defaultConfigurationIsVisible = 0;
		};
/* End XCConfigurationList section */
	};
	rootObject = 0A6DF3D31A8CB012003C4F86 /* Project object */;
}
